
Microsoft Visual Studio Solution File, Format Version 12.00
# Visual Studio Version 16
VisualStudioVersion = 16.0.31410.357
MinimumVisualStudioVersion = 10.0.40219.1
Project("{FAE04EC0-301F-11D3-BF4B-00C04F79EFBC}") = "TaskForms", "TaskForms\TaskForms.csproj", "{9A9369AF-68F0-4B98-BE02-25521A9B6B5A}"
EndProject
Global
	GlobalSection(SolutionConfigurationPlatforms) = preSolution
		Debug|Any CPU = Debug|Any CPU
		Release|Any CPU = Release|Any CPU
	EndGlobalSection
	GlobalSection(ProjectConfigurationPlatforms) = postSolution
		{9A9369AF-68F0-4B98-BE02-25521A9B6B5A}.Debug|Any CPU.ActiveCfg = Debug|Any CPU
		{9A9369AF-68F0-4B98-BE02-25521A9B6B5A}.Debug|Any CPU.Build.0 = Debug|Any CPU
		{9A9369AF-68F0-4B98-BE02-25521A9B6B5A}.Release|Any CPU.ActiveCfg = Release|Any CPU
		{9A9369AF-68F0-4B98-BE02-25521A9B6B5A}.Release|Any CPU.Build.0 = Release|Any CPU
	EndGlobalSection
	GlobalSection(SolutionProperties) = preSolution
		HideSolutionNode = FALSE
	EndGlobalSection
	GlobalSection(ExtensibilityGlobals) = postSolution
		SolutionGuid = {AFEFBDB8-7301-40A1-8773-E4F6462ACD1D}
	EndGlobalSection
EndGlobal
